// !$*UTF8*$!
{
	archiveVersion = 1;
	classes = {
	};
	objectVersion = 56;
	objects = {

/* Begin PBXBuildFile section */
		100000000000000000000034 /* AppIcon.icon in Resources */ = {isa = PBXBuildFile; fileRef = 200000000000000000000034 /* AppIcon.icon */; };
		100000000000000000000001 /* SwihomoApp.swift in Sources */ = {isa = PBXBuildFile; fileRef = 200000000000000000000001 /* SwihomoApp.swift */; };
		100000000000000000000002 /* ContentView.swift in Sources */ = {isa = PBXBuildFile; fileRef = 200000000000000000000002 /* ContentView.swift */; };
		100000000000000000000035 /* HomeView.swift in Sources */ = {isa = PBXBuildFile; fileRef = 200000000000000000000035 /* HomeView.swift */; };
		100000000000000000000036 /* PreferencesView.swift in Sources */ = {isa = PBXBuildFile; fileRef = 200000000000000000000036 /* PreferencesView.swift */; };
		100000000000000000000037 /* AboutView.swift in Sources */ = {isa = PBXBuildFile; fileRef = 200000000000000000000037 /* AboutView.swift */; };
		100000000000000000000038 /* ConnectionView.swift in Sources */ = {isa = PBXBuildFile; fileRef = 200000000000000000000038 /* ConnectionView.swift */; };
		100000000000000000000039 /* ProfilesView.swift in Sources */ = {isa = PBXBuildFile; fileRef = 200000000000000000000039 /* ProfilesView.swift */; };
		100000000000000000000040 /* ProxiesView.swift in Sources */ = {isa = PBXBuildFile; fileRef = 200000000000000000000040 /* ProxiesView.swift */; };
		100000000000000000000041 /* OverridesView.swift in Sources */ = {isa = PBXBuildFile; fileRef = 200000000000000000000041 /* OverridesView.swift */; };
		100000000000000000000042 /* ExternalResourcesView.swift in Sources */ = {isa = PBXBuildFile; fileRef = 200000000000000000000042 /* ExternalResourcesView.swift */; };
		100000000000000000000043 /* LogsView.swift in Sources */ = {isa = PBXBuildFile; fileRef = 200000000000000000000043 /* LogsView.swift */; };
		100000000000000000000044 /* AppTheme.swift in Sources */ = {isa = PBXBuildFile; fileRef = 200000000000000000000044 /* AppTheme.swift */; };
		100000000000000000000045 /* ErrorBanner.swift in Sources */ = {isa = PBXBuildFile; fileRef = 200000000000000000000045 /* ErrorBanner.swift */; };
		100000000000000000000046 /* PlatformSupport.swift in Sources */ = {isa = PBXBuildFile; fileRef = 200000000000000000000046 /* PlatformSupport.swift */; };
		100000000000000000000047 /* FormattingHelpers.swift in Sources */ = {isa = PBXBuildFile; fileRef = 200000000000000000000047 /* FormattingHelpers.swift */; };
		100000000000000000000048 /* GlassStyles.swift in Sources */ = {isa = PBXBuildFile; fileRef = 200000000000000000000048 /* GlassStyles.swift */; };
		100000000000000000000049 /* MultilineCodeEditor.swift in Sources */ = {isa = PBXBuildFile; fileRef = 200000000000000000000049 /* MultilineCodeEditor.swift */; };
		100000000000000000000050 /* ThemeOptionCard.swift in Sources */ = {isa = PBXBuildFile; fileRef = 200000000000000000000050 /* ThemeOptionCard.swift */; };
		100000000000000000000003 /* AppModel.swift in Sources */ = {isa = PBXBuildFile; fileRef = 200000000000000000000003 /* AppModel.swift */; };
		100000000000000000000004 /* Models.swift in Sources */ = {isa = PBXBuildFile; fileRef = 200000000000000000000004 /* Models.swift */; };
		100000000000000000000006 /* ProfileStore.swift in Sources */ = {isa = PBXBuildFile; fileRef = 200000000000000000000006 /* ProfileStore.swift */; };
		100000000000000000000007 /* MihomoConfiguration.swift in Sources */ = {isa = PBXBuildFile; fileRef = 200000000000000000000007 /* MihomoConfiguration.swift */; };
		100000000000000000000008 /* TunnelController.swift in Sources */ = {isa = PBXBuildFile; fileRef = 200000000000000000000008 /* TunnelController.swift */; };
		100000000000000000000009 /* MihomoControllerClient.swift in Sources */ = {isa = PBXBuildFile; fileRef = 200000000000000000000009 /* MihomoControllerClient.swift */; };
		100000000000000000000010 /* NetworkExtension.framework in Frameworks */ = {isa = PBXBuildFile; fileRef = 200000000000000000000017 /* NetworkExtension.framework */; };
		100000000000000000000011 /* PacketTunnel.appex in Embed App Extensions */ = {isa = PBXBuildFile; fileRef = 200000000000000000000019 /* PacketTunnel.appex */; settings = {ATTRIBUTES = (RemoveHeadersOnCopy, ); }; };
		100000000000000000000012 /* Models.swift in Sources */ = {isa = PBXBuildFile; fileRef = 200000000000000000000004 /* Models.swift */; };
		100000000000000000000015 /* MihomoConfiguration.swift in Sources */ = {isa = PBXBuildFile; fileRef = 200000000000000000000007 /* MihomoConfiguration.swift */; };
		100000000000000000000016 /* PacketTunnelProvider.swift in Sources */ = {isa = PBXBuildFile; fileRef = 200000000000000000000012 /* PacketTunnelProvider.swift */; };
		100000000000000000000017 /* MihomoCore.swift in Sources */ = {isa = PBXBuildFile; fileRef = 200000000000000000000013 /* MihomoCore.swift */; };
		100000000000000000000018 /* NetworkExtension.framework in Frameworks */ = {isa = PBXBuildFile; fileRef = 200000000000000000000017 /* NetworkExtension.framework */; };
		100000000000000000000020 /* MihomoCore.xcframework in Frameworks */ = {isa = PBXBuildFile; fileRef = 200000000000000000000020 /* MihomoCore.xcframework */; };
		100000000000000000000021 /* PersistentLogStore.swift in Sources */ = {isa = PBXBuildFile; fileRef = 200000000000000000000021 /* PersistentLogStore.swift */; };
		100000000000000000000022 /* PersistentLogStore.swift in Sources */ = {isa = PBXBuildFile; fileRef = 200000000000000000000021 /* PersistentLogStore.swift */; };
		100000000000000000000023 /* MihomoCoreVersion.swift in Sources */ = {isa = PBXBuildFile; fileRef = 200000000000000000000022 /* MihomoCoreVersion.swift */; };
		100000000000000000000024 /* MihomoCoreVersion.swift in Sources */ = {isa = PBXBuildFile; fileRef = 200000000000000000000022 /* MihomoCoreVersion.swift */; };
		100000000000000000000025 /* Assets.xcassets in Resources */ = {isa = PBXBuildFile; fileRef = 200000000000000000000024 /* Assets.xcassets */; };
		100000000000000000000026 /* MenuBarView.swift in Sources */ = {isa = PBXBuildFile; fileRef = 200000000000000000000025 /* MenuBarView.swift */; };
		100000000000000000000028 /* AppLanguage.swift in Sources */ = {isa = PBXBuildFile; fileRef = 200000000000000000000028 /* AppLanguage.swift */; };
		100000000000000000000031 /* Localizable.strings in Resources */ = {isa = PBXBuildFile; fileRef = 400000000000000000000010 /* Localizable.strings */; };
		100000000000000000000027 /* Formatting.swift in Sources */ = {isa = PBXBuildFile; fileRef = 200000000000000000000026 /* Formatting.swift */; };
		100000000000000000000029 /* SharedText.swift in Sources */ = {isa = PBXBuildFile; fileRef = 200000000000000000000029 /* SharedText.swift */; };
		100000000000000000000051 /* QRCodeScannerSheet.swift in Sources */ = {isa = PBXBuildFile; fileRef = 200000000000000000000051 /* QRCodeScannerSheet.swift */; };
		100000000000000000000052 /* ScreenshotDemoFixtures.swift in Sources */ = {isa = PBXBuildFile; fileRef = 200000000000000000000052 /* ScreenshotDemoFixtures.swift */; };
		D000000000000000000000001 /* Yams in Frameworks */ = {isa = PBXBuildFile; productRef = D000000000000000000000003 /* Yams */; };
		D000000000000000000000004 /* CodeEditorView in Frameworks */ = {isa = PBXBuildFile; productRef = D000000000000000000000006 /* CodeEditorView */; };
		D000000000000000000000005 /* LanguageSupport in Frameworks */ = {isa = PBXBuildFile; productRef = D000000000000000000000007 /* LanguageSupport */; };
/* End PBXBuildFile section */

/* Begin PBXContainerItemProxy section */
		700000000000000000000002 /* PBXContainerItemProxy */ = {
			isa = PBXContainerItemProxy;
			containerPortal = 500000000000000000000003 /* Project object */;
			proxyType = 1;
			remoteGlobalIDString = 500000000000000000000002;
			remoteInfo = PacketTunnel;
		};
/* End PBXContainerItemProxy section */

/* Begin PBXCopyFilesBuildPhase section */
		300000000000000000000001 /* Embed App Extensions */ = {
			isa = PBXCopyFilesBuildPhase;
			buildActionMask = 2147483647;
			dstPath = "";
			dstSubfolderSpec = 13;
			files = (
				100000000000000000000011 /* PacketTunnel.appex in Embed App Extensions */,
			);
			name = "Embed App Extensions";
			runOnlyForDeploymentPostprocessing = 0;
		};
/* End PBXCopyFilesBuildPhase section */

/* Begin PBXFileReference section */
		200000000000000000000001 /* SwihomoApp.swift */ = {isa = PBXFileReference; lastKnownFileType = sourcecode.swift; path = SwihomoApp.swift; sourceTree = "<group>"; };
		200000000000000000000002 /* ContentView.swift */ = {isa = PBXFileReference; lastKnownFileType = sourcecode.swift; path = ContentView.swift; sourceTree = "<group>"; };
		200000000000000000000035 /* HomeView.swift */ = {isa = PBXFileReference; lastKnownFileType = sourcecode.swift; path = HomeView.swift; sourceTree = "<group>"; };
		200000000000000000000036 /* PreferencesView.swift */ = {isa = PBXFileReference; lastKnownFileType = sourcecode.swift; path = PreferencesView.swift; sourceTree = "<group>"; };
		200000000000000000000037 /* AboutView.swift */ = {isa = PBXFileReference; lastKnownFileType = sourcecode.swift; path = AboutView.swift; sourceTree = "<group>"; };
		200000000000000000000038 /* ConnectionView.swift */ = {isa = PBXFileReference; lastKnownFileType = sourcecode.swift; path = ConnectionView.swift; sourceTree = "<group>"; };
		200000000000000000000039 /* ProfilesView.swift */ = {isa = PBXFileReference; lastKnownFileType = sourcecode.swift; path = ProfilesView.swift; sourceTree = "<group>"; };
		200000000000000000000040 /* ProxiesView.swift */ = {isa = PBXFileReference; lastKnownFileType = sourcecode.swift; path = ProxiesView.swift; sourceTree = "<group>"; };
		200000000000000000000041 /* OverridesView.swift */ = {isa = PBXFileReference; lastKnownFileType = sourcecode.swift; path = OverridesView.swift; sourceTree = "<group>"; };
		200000000000000000000042 /* ExternalResourcesView.swift */ = {isa = PBXFileReference; lastKnownFileType = sourcecode.swift; path = ExternalResourcesView.swift; sourceTree = "<group>"; };
		200000000000000000000043 /* LogsView.swift */ = {isa = PBXFileReference; lastKnownFileType = sourcecode.swift; path = LogsView.swift; sourceTree = "<group>"; };
		200000000000000000000044 /* AppTheme.swift */ = {isa = PBXFileReference; lastKnownFileType = sourcecode.swift; path = AppTheme.swift; sourceTree = "<group>"; };
		200000000000000000000045 /* ErrorBanner.swift */ = {isa = PBXFileReference; lastKnownFileType = sourcecode.swift; path = ErrorBanner.swift; sourceTree = "<group>"; };
		200000000000000000000046 /* PlatformSupport.swift */ = {isa = PBXFileReference; lastKnownFileType = sourcecode.swift; path = PlatformSupport.swift; sourceTree = "<group>"; };
		200000000000000000000047 /* FormattingHelpers.swift */ = {isa = PBXFileReference; lastKnownFileType = sourcecode.swift; path = FormattingHelpers.swift; sourceTree = "<group>"; };
		200000000000000000000048 /* GlassStyles.swift */ = {isa = PBXFileReference; lastKnownFileType = sourcecode.swift; path = GlassStyles.swift; sourceTree = "<group>"; };
		200000000000000000000049 /* MultilineCodeEditor.swift */ = {isa = PBXFileReference; lastKnownFileType = sourcecode.swift; path = MultilineCodeEditor.swift; sourceTree = "<group>"; };
		200000000000000000000050 /* ThemeOptionCard.swift */ = {isa = PBXFileReference; lastKnownFileType = sourcecode.swift; path = ThemeOptionCard.swift; sourceTree = "<group>"; };
		200000000000000000000003 /* AppModel.swift */ = {isa = PBXFileReference; lastKnownFileType = sourcecode.swift; path = AppModel.swift; sourceTree = "<group>"; };
		200000000000000000000004 /* Models.swift */ = {isa = PBXFileReference; lastKnownFileType = sourcecode.swift; path = Models.swift; sourceTree = "<group>"; };
		200000000000000000000006 /* ProfileStore.swift */ = {isa = PBXFileReference; lastKnownFileType = sourcecode.swift; path = ProfileStore.swift; sourceTree = "<group>"; };
		200000000000000000000007 /* MihomoConfiguration.swift */ = {isa = PBXFileReference; lastKnownFileType = sourcecode.swift; path = MihomoConfiguration.swift; sourceTree = "<group>"; };
		200000000000000000000008 /* TunnelController.swift */ = {isa = PBXFileReference; lastKnownFileType = sourcecode.swift; path = TunnelController.swift; sourceTree = "<group>"; };
		200000000000000000000009 /* MihomoControllerClient.swift */ = {isa = PBXFileReference; lastKnownFileType = sourcecode.swift; path = MihomoControllerClient.swift; sourceTree = "<group>"; };
		200000000000000000000010 /* Swihomo-iOS.entitlements */ = {isa = PBXFileReference; lastKnownFileType = text.plist.entitlements; path = "Swihomo-iOS.entitlements"; sourceTree = "<group>"; };
		200000000000000000000011 /* Swihomo-macOS.entitlements */ = {isa = PBXFileReference; lastKnownFileType = text.plist.entitlements; path = "Swihomo-macOS.entitlements"; sourceTree = "<group>"; };
		200000000000000000000012 /* PacketTunnelProvider.swift */ = {isa = PBXFileReference; lastKnownFileType = sourcecode.swift; path = PacketTunnelProvider.swift; sourceTree = "<group>"; };
		200000000000000000000013 /* MihomoCore.swift */ = {isa = PBXFileReference; lastKnownFileType = sourcecode.swift; path = MihomoCore.swift; sourceTree = "<group>"; };
		200000000000000000000014 /* Info.plist */ = {isa = PBXFileReference; lastKnownFileType = text.plist.xml; path = Info.plist; sourceTree = "<group>"; };
		200000000000000000000015 /* PacketTunnel-iOS.entitlements */ = {isa = PBXFileReference; lastKnownFileType = text.plist.entitlements; path = "PacketTunnel-iOS.entitlements"; sourceTree = "<group>"; };
		200000000000000000000016 /* PacketTunnel-macOS.entitlements */ = {isa = PBXFileReference; lastKnownFileType = text.plist.entitlements; path = "PacketTunnel-macOS.entitlements"; sourceTree = "<group>"; };
		200000000000000000000017 /* NetworkExtension.framework */ = {isa = PBXFileReference; lastKnownFileType = wrapper.framework; name = NetworkExtension.framework; path = System/Library/Frameworks/NetworkExtension.framework; sourceTree = SDKROOT; };
		200000000000000000000018 /* Swihomo.app */ = {isa = PBXFileReference; explicitFileType = wrapper.application; includeInIndex = 0; path = Swihomo.app; sourceTree = BUILT_PRODUCTS_DIR; };
		200000000000000000000019 /* PacketTunnel.appex */ = {isa = PBXFileReference; explicitFileType = "wrapper.app-extension"; includeInIndex = 0; path = PacketTunnel.appex; sourceTree = BUILT_PRODUCTS_DIR; };
		200000000000000000000020 /* MihomoCore.xcframework */ = {isa = PBXFileReference; lastKnownFileType = wrapper.xcframework; path = Vendor/MihomoCore.xcframework; sourceTree = SOURCE_ROOT; };
		200000000000000000000021 /* PersistentLogStore.swift */ = {isa = PBXFileReference; lastKnownFileType = sourcecode.swift; path = PersistentLogStore.swift; sourceTree = "<group>"; };
		200000000000000000000022 /* MihomoCoreVersion.swift */ = {isa = PBXFileReference; lastKnownFileType = sourcecode.swift; path = MihomoCoreVersion.swift; sourceTree = "<group>"; };
		200000000000000000000023 /* Version.xcconfig */ = {isa = PBXFileReference; lastKnownFileType = text.xcconfig; path = Version.xcconfig; sourceTree = "<group>"; };
		200000000000000000000024 /* Assets.xcassets */ = {isa = PBXFileReference; lastKnownFileType = folder.assetcatalog; path = Assets.xcassets; sourceTree = "<group>"; };
		200000000000000000000025 /* MenuBarView.swift */ = {isa = PBXFileReference; lastKnownFileType = sourcecode.swift; path = MenuBarView.swift; sourceTree = "<group>"; };
		200000000000000000000026 /* Formatting.swift */ = {isa = PBXFileReference; lastKnownFileType = sourcecode.swift; path = Formatting.swift; sourceTree = "<group>"; };
		200000000000000000000028 /* AppLanguage.swift */ = {isa = PBXFileReference; lastKnownFileType = sourcecode.swift; path = AppLanguage.swift; sourceTree = "<group>"; };
		200000000000000000000032 /* en Localizable.strings */ = {isa = PBXFileReference; lastKnownFileType = text.plist.strings; name = Localizable.strings; path = Swihomo/en.lproj/Localizable.strings; sourceTree = SOURCE_ROOT; };
		200000000000000000000033 /* zh-Hans Localizable.strings */ = {isa = PBXFileReference; lastKnownFileType = text.plist.strings; name = Localizable.strings; path = Swihomo/zh-Hans.lproj/Localizable.strings; sourceTree = SOURCE_ROOT; };
		200000000000000000000034 /* AppIcon.icon */ = {isa = PBXFileReference; lastKnownFileType = folder.iconcomposer.icon; path = AppIcon.icon; sourceTree = "<group>"; };
		200000000000000000000029 /* SharedText.swift */ = {isa = PBXFileReference; lastKnownFileType = sourcecode.swift; path = SharedText.swift; sourceTree = "<group>"; };
		200000000000000000000051 /* QRCodeScannerSheet.swift */ = {isa = PBXFileReference; lastKnownFileType = sourcecode.swift; path = QRCodeScannerSheet.swift; sourceTree = "<group>"; };
		200000000000000000000052 /* ScreenshotDemoFixtures.swift */ = {isa = PBXFileReference; lastKnownFileType = sourcecode.swift; path = ScreenshotDemoFixtures.swift; sourceTree = "<group>"; };
/* End PBXFileReference section */

/* Begin PBXFrameworksBuildPhase section */
		300000000000000000000002 /* Frameworks */ = {
			isa = PBXFrameworksBuildPhase;
			buildActionMask = 2147483647;
			files = (
				100000000000000000000010 /* NetworkExtension.framework in Frameworks */,
				D000000000000000000000001 /* Yams in Frameworks */,
				D000000000000000000000004 /* CodeEditorView in Frameworks */,
				D000000000000000000000005 /* LanguageSupport in Frameworks */,
			);
			runOnlyForDeploymentPostprocessing = 0;
		};
		300000000000000000000003 /* Frameworks */ = {
			isa = PBXFrameworksBuildPhase;
			buildActionMask = 2147483647;
			files = (
				100000000000000000000018 /* NetworkExtension.framework in Frameworks */,
				100000000000000000000020 /* MihomoCore.xcframework in Frameworks */,
			);
			runOnlyForDeploymentPostprocessing = 0;
		};
/* End PBXFrameworksBuildPhase section */

/* Begin PBXGroup section */
		400000000000000000000001 = {
			isa = PBXGroup;
			children = (
				400000000000000000000002 /* Swihomo */,
				400000000000000000000006 /* PacketTunnel */,
				400000000000000000000009 /* Config */,
				400000000000000000000007 /* Frameworks */,
				400000000000000000000008 /* Products */,
			);
			sourceTree = "<group>";
		};
		400000000000000000000002 /* Swihomo */ = {
			isa = PBXGroup;
			children = (
				400000000000000000000003 /* App */,
				400000000000000000000004 /* Shared */,
				400000000000000000000005 /* Services */,
				200000000000000000000024 /* Assets.xcassets */,
				200000000000000000000034 /* AppIcon.icon */,
				200000000000000000000010 /* Swihomo-iOS.entitlements */,
				200000000000000000000011 /* Swihomo-macOS.entitlements */,
				400000000000000000000010 /* Localizable.strings */,
			);
			path = Swihomo;
			sourceTree = "<group>";
		};
		400000000000000000000003 /* App */ = {
			isa = PBXGroup;
			children = (
				200000000000000000000001 /* SwihomoApp.swift */,
				200000000000000000000002 /* ContentView.swift */,
				200000000000000000000003 /* AppModel.swift */,
				200000000000000000000052 /* ScreenshotDemoFixtures.swift */,
				200000000000000000000025 /* MenuBarView.swift */,
				200000000000000000000028 /* AppLanguage.swift */,
				400000000000000000000011 /* Views */,
			);
			path = App;
			sourceTree = "<group>";
		};
		400000000000000000000004 /* Shared */ = {
			isa = PBXGroup;
			children = (
				200000000000000000000004 /* Models.swift */,
				200000000000000000000006 /* ProfileStore.swift */,
				200000000000000000000007 /* MihomoConfiguration.swift */,
				200000000000000000000021 /* PersistentLogStore.swift */,
				200000000000000000000022 /* MihomoCoreVersion.swift */,
				200000000000000000000026 /* Formatting.swift */,
				200000000000000000000029 /* SharedText.swift */,
			);
			path = Shared;
			sourceTree = "<group>";
		};
		400000000000000000000005 /* Services */ = {
			isa = PBXGroup;
			children = (
				200000000000000000000008 /* TunnelController.swift */,
				200000000000000000000009 /* MihomoControllerClient.swift */,
			);
			path = Services;
			sourceTree = "<group>";
		};
		400000000000000000000006 /* PacketTunnel */ = {
			isa = PBXGroup;
			children = (
				200000000000000000000012 /* PacketTunnelProvider.swift */,
				200000000000000000000013 /* MihomoCore.swift */,
				200000000000000000000014 /* Info.plist */,
				200000000000000000000015 /* PacketTunnel-iOS.entitlements */,
				200000000000000000000016 /* PacketTunnel-macOS.entitlements */,
			);
			path = PacketTunnel;
			sourceTree = "<group>";
		};
		400000000000000000000007 /* Frameworks */ = {
			isa = PBXGroup;
			children = (
				200000000000000000000017 /* NetworkExtension.framework */,
				200000000000000000000020 /* MihomoCore.xcframework */,
			);
			name = Frameworks;
			sourceTree = "<group>";
		};
		400000000000000000000008 /* Products */ = {
			isa = PBXGroup;
			children = (
				200000000000000000000018 /* Swihomo.app */,
				200000000000000000000019 /* PacketTunnel.appex */,
			);
			name = Products;
			sourceTree = "<group>";
		};
		400000000000000000000009 /* Config */ = {
			isa = PBXGroup;
			children = (
				200000000000000000000023 /* Version.xcconfig */,
			);
			path = Config;
			sourceTree = "<group>";
		};
		400000000000000000000011 /* Views */ = {
			isa = PBXGroup;
			children = (
				200000000000000000000035 /* HomeView.swift */,
				200000000000000000000036 /* PreferencesView.swift */,
				200000000000000000000037 /* AboutView.swift */,
				200000000000000000000038 /* ConnectionView.swift */,
				200000000000000000000039 /* ProfilesView.swift */,
				200000000000000000000040 /* ProxiesView.swift */,
				200000000000000000000041 /* OverridesView.swift */,
				200000000000000000000042 /* ExternalResourcesView.swift */,
				200000000000000000000043 /* LogsView.swift */,
				400000000000000000000012 /* Shared */,
			);
			path = Views;
			sourceTree = "<group>";
		};
		400000000000000000000012 /* Shared */ = {
			isa = PBXGroup;
			children = (
				200000000000000000000044 /* AppTheme.swift */,
				200000000000000000000045 /* ErrorBanner.swift */,
				200000000000000000000046 /* PlatformSupport.swift */,
				200000000000000000000047 /* FormattingHelpers.swift */,
				200000000000000000000048 /* GlassStyles.swift */,
				200000000000000000000049 /* MultilineCodeEditor.swift */,
				200000000000000000000050 /* ThemeOptionCard.swift */,
				200000000000000000000051 /* QRCodeScannerSheet.swift */,
			);
			path = Shared;
			sourceTree = "<group>";
		};
/* End PBXGroup section */

/* Begin PBXVariantGroup section */
		400000000000000000000010 /* Localizable.strings */ = {
			isa = PBXVariantGroup;
			children = (
				200000000000000000000032 /* en Localizable.strings */,
				200000000000000000000033 /* zh-Hans Localizable.strings */,
			);
			name = Localizable.strings;
			sourceTree = "<group>";
		};
/* End PBXVariantGroup section */

/* Begin PBXNativeTarget section */
		500000000000000000000001 /* Swihomo */ = {
			isa = PBXNativeTarget;
			buildConfigurationList = 600000000000000000000002 /* Build configuration list for PBXNativeTarget "Swihomo" */;
			buildPhases = (
				300000000000000000000004 /* Sources */,
				300000000000000000000002 /* Frameworks */,
				300000000000000000000006 /* Resources */,
				300000000000000000000001 /* Embed App Extensions */,
			);
			buildRules = (
			);
			dependencies = (
				700000000000000000000001 /* PBXTargetDependency */,
			);
			name = Swihomo;
			packageProductDependencies = (
				D000000000000000000000003 /* Yams */,
				D000000000000000000000006 /* CodeEditorView */,
				D000000000000000000000007 /* LanguageSupport */,
			);
			productName = Swihomo;
			productReference = 200000000000000000000018 /* Swihomo.app */;
			productType = "com.apple.product-type.application";
		};
		500000000000000000000002 /* PacketTunnel */ = {
			isa = PBXNativeTarget;
			buildConfigurationList = 600000000000000000000003 /* Build configuration list for PBXNativeTarget "PacketTunnel" */;
			buildPhases = (
				300000000000000000000005 /* Sources */,
				300000000000000000000003 /* Frameworks */,
			);
			buildRules = (
			);
			dependencies = (
			);
			name = PacketTunnel;
			productName = PacketTunnel;
			productReference = 200000000000000000000019 /* PacketTunnel.appex */;
			productType = "com.apple.product-type.app-extension";
		};
/* End PBXNativeTarget section */

/* Begin PBXProject section */
		500000000000000000000003 /* Project object */ = {
			isa = PBXProject;
			attributes = {
				LastSwiftUpdateCheck = 1500;
				LastUpgradeCheck = 1500;
				TargetAttributes = {
					500000000000000000000001 = {
						CreatedOnToolsVersion = 15.0;
					};
					500000000000000000000002 = {
						CreatedOnToolsVersion = 15.0;
					};
				};
			};
			buildConfigurationList = 600000000000000000000001 /* Build configuration list for PBXProject "Swihomo" */;
			compatibilityVersion = "Xcode 14.0";
			developmentRegion = en;
			hasScannedForEncodings = 0;
			knownRegions = (
				en,
				zh-Hans,
			);
			mainGroup = 400000000000000000000001;
			packageReferences = (
				D000000000000000000000002 /* Yams */,
				D000000000000000000000008 /* CodeEditorView */,
			);
			productRefGroup = 400000000000000000000008 /* Products */;
			projectDirPath = "";
			projectRoot = "";
			targets = (
				500000000000000000000001 /* Swihomo */,
				500000000000000000000002 /* PacketTunnel */,
			);
		};
/* End PBXProject section */

/* Begin XCRemoteSwiftPackageReference section */
		D000000000000000000000002 /* Yams */ = {
			isa = XCRemoteSwiftPackageReference;
			repositoryURL = "https://github.com/jpsim/Yams.git";
			requirement = {
				kind = upToNextMajorVersion;
				minimumVersion = 5.1.3;
			};
		};
		D000000000000000000000008 /* CodeEditorView */ = {
			isa = XCRemoteSwiftPackageReference;
			repositoryURL = "https://github.com/mchakravarty/CodeEditorView.git";
			requirement = {
				kind = upToNextMinorVersion;
				minimumVersion = 0.15.4;
			};
		};
/* End XCRemoteSwiftPackageReference section */

/* Begin XCSwiftPackageProductDependency section */
		D000000000000000000000003 /* Yams */ = {
			isa = XCSwiftPackageProductDependency;
			package = D000000000000000000000002 /* Yams */;
			productName = Yams;
		};
		D000000000000000000000006 /* CodeEditorView */ = {
			isa = XCSwiftPackageProductDependency;
			package = D000000000000000000000008 /* CodeEditorView */;
			productName = CodeEditorView;
		};
		D000000000000000000000007 /* LanguageSupport */ = {
			isa = XCSwiftPackageProductDependency;
			package = D000000000000000000000008 /* CodeEditorView */;
			productName = LanguageSupport;
		};
/* End XCSwiftPackageProductDependency section */

/* Begin PBXResourcesBuildPhase section */
		300000000000000000000006 /* Resources */ = {
			isa = PBXResourcesBuildPhase;
			buildActionMask = 2147483647;
			files = (
				100000000000000000000025 /* Assets.xcassets in Resources */,
				100000000000000000000034 /* AppIcon.icon in Resources */,
				100000000000000000000031 /* Localizable.strings in Resources */,
			);
			runOnlyForDeploymentPostprocessing = 0;
		};
/* End PBXResourcesBuildPhase section */

/* Begin PBXSourcesBuildPhase section */
		300000000000000000000004 /* Sources */ = {
			isa = PBXSourcesBuildPhase;
			buildActionMask = 2147483647;
			files = (
				100000000000000000000001 /* SwihomoApp.swift in Sources */,
				100000000000000000000002 /* ContentView.swift in Sources */,
				100000000000000000000035 /* HomeView.swift in Sources */,
				100000000000000000000036 /* PreferencesView.swift in Sources */,
				100000000000000000000037 /* AboutView.swift in Sources */,
				100000000000000000000038 /* ConnectionView.swift in Sources */,
				100000000000000000000039 /* ProfilesView.swift in Sources */,
				100000000000000000000040 /* ProxiesView.swift in Sources */,
				100000000000000000000041 /* OverridesView.swift in Sources */,
				100000000000000000000042 /* ExternalResourcesView.swift in Sources */,
				100000000000000000000043 /* LogsView.swift in Sources */,
				100000000000000000000044 /* AppTheme.swift in Sources */,
				100000000000000000000045 /* ErrorBanner.swift in Sources */,
				100000000000000000000046 /* PlatformSupport.swift in Sources */,
				100000000000000000000047 /* FormattingHelpers.swift in Sources */,
				100000000000000000000048 /* GlassStyles.swift in Sources */,
				100000000000000000000049 /* MultilineCodeEditor.swift in Sources */,
				100000000000000000000050 /* ThemeOptionCard.swift in Sources */,
				100000000000000000000051 /* QRCodeScannerSheet.swift in Sources */,
				100000000000000000000003 /* AppModel.swift in Sources */,
				100000000000000000000004 /* Models.swift in Sources */,
				100000000000000000000006 /* ProfileStore.swift in Sources */,
				100000000000000000000007 /* MihomoConfiguration.swift in Sources */,
				100000000000000000000008 /* TunnelController.swift in Sources */,
				100000000000000000000009 /* MihomoControllerClient.swift in Sources */,
				100000000000000000000021 /* PersistentLogStore.swift in Sources */,
				100000000000000000000023 /* MihomoCoreVersion.swift in Sources */,
				100000000000000000000026 /* MenuBarView.swift in Sources */,
				100000000000000000000027 /* Formatting.swift in Sources */,
				100000000000000000000028 /* AppLanguage.swift in Sources */,
				100000000000000000000029 /* SharedText.swift in Sources */,
				100000000000000000000052 /* ScreenshotDemoFixtures.swift in Sources */,
			);
			runOnlyForDeploymentPostprocessing = 0;
		};
		300000000000000000000005 /* Sources */ = {
			isa = PBXSourcesBuildPhase;
			buildActionMask = 2147483647;
			files = (
				100000000000000000000012 /* Models.swift in Sources */,
				100000000000000000000015 /* MihomoConfiguration.swift in Sources */,
				100000000000000000000016 /* PacketTunnelProvider.swift in Sources */,
				100000000000000000000017 /* MihomoCore.swift in Sources */,
				100000000000000000000022 /* PersistentLogStore.swift in Sources */,
				100000000000000000000024 /* MihomoCoreVersion.swift in Sources */,
			);
			runOnlyForDeploymentPostprocessing = 0;
		};
/* End PBXSourcesBuildPhase section */

/* Begin PBXTargetDependency section */
		700000000000000000000001 /* PBXTargetDependency */ = {
			isa = PBXTargetDependency;
			target = 500000000000000000000002 /* PacketTunnel */;
			targetProxy = 700000000000000000000002 /* PBXContainerItemProxy */;
		};
/* End PBXTargetDependency section */

/* Begin XCBuildConfiguration section */
		800000000000000000000001 /* Debug */ = {
			isa = XCBuildConfiguration;
			baseConfigurationReference = 200000000000000000000023 /* Version.xcconfig */;
			buildSettings = {
				ARCHS = arm64;
				CLANG_ENABLE_MODULES = YES;
				ONLY_ACTIVE_ARCH = YES;
				SWIFT_VERSION = 5.9;
			};
			name = Debug;
		};
		800000000000000000000002 /* Release */ = {
			isa = XCBuildConfiguration;
			baseConfigurationReference = 200000000000000000000023 /* Version.xcconfig */;
			buildSettings = {
				ARCHS = arm64;
				CLANG_ENABLE_MODULES = YES;
				ONLY_ACTIVE_ARCH = YES;
				SWIFT_VERSION = 5.9;
			};
			name = Release;
		};
		800000000000000000000003 /* Debug */ = {
			isa = XCBuildConfiguration;
			buildSettings = {
				ASSETCATALOG_COMPILER_APPICON_NAME = AppIcon;
				"CODE_SIGN_ENTITLEMENTS[sdk=iphoneos*]" = "Swihomo/Swihomo-iOS.entitlements";
				"CODE_SIGN_ENTITLEMENTS[sdk=iphonesimulator*]" = "Swihomo/Swihomo-iOS.entitlements";
				"CODE_SIGN_ENTITLEMENTS[sdk=macosx*]" = "Swihomo/Swihomo-macOS.entitlements";
				CODE_SIGN_STYLE = Automatic;
				DEVELOPMENT_TEAM = 7P8CLHDH5G;
				GENERATE_INFOPLIST_FILE = YES;
				INFOPLIST_KEY_CFBundleDisplayName = Swihomo;
				INFOPLIST_KEY_ITSAppUsesNonExemptEncryption = NO;
				INFOPLIST_KEY_LSApplicationCategoryType = "public.app-category.utilities";
				INFOPLIST_KEY_NSAppTransportSecurity_NSAllowsLocalNetworking = YES;
				INFOPLIST_KEY_NSCameraUsageDescription = "Scan QR codes to import subscription URLs.";
				INFOPLIST_KEY_UILaunchScreen_Generation = YES;
				INFOPLIST_KEY_UIRequiresFullScreen = YES;
				IPHONEOS_DEPLOYMENT_TARGET = 17.0;
				MACOSX_DEPLOYMENT_TARGET = 14.0;
				PRODUCT_BUNDLE_IDENTIFIER = com.swihomo.client;
				PRODUCT_NAME = "$(TARGET_NAME)";
				SDKROOT = auto;
				SUPPORTED_PLATFORMS = "iphoneos iphonesimulator macosx";
				SUPPORTS_MACCATALYST = NO;
				SWIFT_VERSION = 5.9;
				TARGETED_DEVICE_FAMILY = "1,2";
			};
			name = Debug;
		};
		800000000000000000000004 /* Release */ = {
			isa = XCBuildConfiguration;
			buildSettings = {
				ASSETCATALOG_COMPILER_APPICON_NAME = AppIcon;
				"CODE_SIGN_ENTITLEMENTS[sdk=iphoneos*]" = "Swihomo/Swihomo-iOS.entitlements";
				"CODE_SIGN_ENTITLEMENTS[sdk=iphonesimulator*]" = "Swihomo/Swihomo-iOS.entitlements";
				"CODE_SIGN_ENTITLEMENTS[sdk=macosx*]" = "Swihomo/Swihomo-macOS.entitlements";
				CODE_SIGN_STYLE = Automatic;
				DEVELOPMENT_TEAM = 7P8CLHDH5G;
				GENERATE_INFOPLIST_FILE = YES;
				INFOPLIST_KEY_CFBundleDisplayName = Swihomo;
				INFOPLIST_KEY_ITSAppUsesNonExemptEncryption = NO;
				INFOPLIST_KEY_LSApplicationCategoryType = "public.app-category.utilities";
				INFOPLIST_KEY_NSAppTransportSecurity_NSAllowsLocalNetworking = YES;
				INFOPLIST_KEY_NSCameraUsageDescription = "Scan QR codes to import subscription URLs.";
				INFOPLIST_KEY_UILaunchScreen_Generation = YES;
				INFOPLIST_KEY_UIRequiresFullScreen = YES;
				IPHONEOS_DEPLOYMENT_TARGET = 17.0;
				MACOSX_DEPLOYMENT_TARGET = 14.0;
				"PROVISIONING_PROFILE_SPECIFIER[sdk=iphoneos*]" = "$(SWIHOMO_IOS_APP_PROFILE)";
				"PROVISIONING_PROFILE_SPECIFIER[sdk=macosx*]" = "$(SWIHOMO_MACOS_APP_PROFILE)";
				PRODUCT_BUNDLE_IDENTIFIER = com.swihomo.client;
				PRODUCT_NAME = "$(TARGET_NAME)";
				SDKROOT = auto;
				SUPPORTED_PLATFORMS = "iphoneos iphonesimulator macosx";
				SUPPORTS_MACCATALYST = NO;
				SWIFT_VERSION = 5.9;
				TARGETED_DEVICE_FAMILY = "1,2";
			};
			name = Release;
		};
		800000000000000000000005 /* Debug */ = {
			isa = XCBuildConfiguration;
			buildSettings = {
				"CODE_SIGN_ENTITLEMENTS[sdk=iphoneos*]" = "PacketTunnel/PacketTunnel-iOS.entitlements";
				"CODE_SIGN_ENTITLEMENTS[sdk=iphonesimulator*]" = "PacketTunnel/PacketTunnel-iOS.entitlements";
				"CODE_SIGN_ENTITLEMENTS[sdk=macosx*]" = "PacketTunnel/PacketTunnel-macOS.entitlements";
				"CODE_SIGN_IDENTITY[sdk=macosx*]" = "Apple Development";
				CODE_SIGN_STYLE = Automatic;
				DEVELOPMENT_TEAM = 7P8CLHDH5G;
				ENABLE_APP_SANDBOX = YES;
				ENABLE_INCOMING_NETWORK_CONNECTIONS = NO;
				ENABLE_OUTGOING_NETWORK_CONNECTIONS = NO;
				ENABLE_RESOURCE_ACCESS_AUDIO_INPUT = NO;
				ENABLE_RESOURCE_ACCESS_BLUETOOTH = NO;
				ENABLE_RESOURCE_ACCESS_CALENDARS = NO;
				ENABLE_RESOURCE_ACCESS_CAMERA = NO;
				ENABLE_RESOURCE_ACCESS_CONTACTS = NO;
				ENABLE_RESOURCE_ACCESS_LOCATION = NO;
				ENABLE_RESOURCE_ACCESS_PRINTING = NO;
				ENABLE_RESOURCE_ACCESS_USB = NO;
				INFOPLIST_FILE = PacketTunnel/Info.plist;
				IPHONEOS_DEPLOYMENT_TARGET = 17.0;
				MACOSX_DEPLOYMENT_TARGET = 14.0;
				PRODUCT_BUNDLE_IDENTIFIER = com.swihomo.client.PacketTunnel;
				PRODUCT_NAME = "$(TARGET_NAME)";
				SDKROOT = auto;
				SKIP_INSTALL = YES;
				SUPPORTED_PLATFORMS = "iphoneos iphonesimulator macosx";
				SWIFT_VERSION = 5.9;
				SWIFT_OBJC_BRIDGING_HEADER = PacketTunnel/SwihomoCore-Bridging-Header.h;
				TARGETED_DEVICE_FAMILY = "1,2";
				WRAPPER_EXTENSION = appex;
			};
			name = Debug;
		};
		800000000000000000000006 /* Release */ = {
			isa = XCBuildConfiguration;
			buildSettings = {
				"CODE_SIGN_ENTITLEMENTS[sdk=iphoneos*]" = "PacketTunnel/PacketTunnel-iOS.entitlements";
				"CODE_SIGN_ENTITLEMENTS[sdk=iphonesimulator*]" = "PacketTunnel/PacketTunnel-iOS.entitlements";
				"CODE_SIGN_ENTITLEMENTS[sdk=macosx*]" = "PacketTunnel/PacketTunnel-macOS.entitlements";
				CODE_SIGN_STYLE = Automatic;
				DEVELOPMENT_TEAM = 7P8CLHDH5G;
				ENABLE_APP_SANDBOX = YES;
				ENABLE_INCOMING_NETWORK_CONNECTIONS = NO;
				ENABLE_OUTGOING_NETWORK_CONNECTIONS = NO;
				ENABLE_RESOURCE_ACCESS_AUDIO_INPUT = NO;
				ENABLE_RESOURCE_ACCESS_BLUETOOTH = NO;
				ENABLE_RESOURCE_ACCESS_CALENDARS = NO;
				ENABLE_RESOURCE_ACCESS_CAMERA = NO;
				ENABLE_RESOURCE_ACCESS_CONTACTS = NO;
				ENABLE_RESOURCE_ACCESS_LOCATION = NO;
				ENABLE_RESOURCE_ACCESS_PRINTING = NO;
				ENABLE_RESOURCE_ACCESS_USB = NO;
				INFOPLIST_FILE = PacketTunnel/Info.plist;
				IPHONEOS_DEPLOYMENT_TARGET = 17.0;
				MACOSX_DEPLOYMENT_TARGET = 14.0;
				"PROVISIONING_PROFILE_SPECIFIER[sdk=iphoneos*]" = "$(SWIHOMO_IOS_PACKET_TUNNEL_PROFILE)";
				"PROVISIONING_PROFILE_SPECIFIER[sdk=macosx*]" = "$(SWIHOMO_MACOS_PACKET_TUNNEL_PROFILE)";
				PRODUCT_BUNDLE_IDENTIFIER = com.swihomo.client.PacketTunnel;
				PRODUCT_NAME = "$(TARGET_NAME)";
				SDKROOT = auto;
				SKIP_INSTALL = YES;
				SUPPORTED_PLATFORMS = "iphoneos iphonesimulator macosx";
				SWIFT_VERSION = 5.9;
				SWIFT_OBJC_BRIDGING_HEADER = PacketTunnel/SwihomoCore-Bridging-Header.h;
				TARGETED_DEVICE_FAMILY = "1,2";
				WRAPPER_EXTENSION = appex;
			};
			name = Release;
		};
/* End XCBuildConfiguration section */

/* Begin XCConfigurationList section */
		600000000000000000000001 /* Build configuration list for PBXProject "Swihomo" */ = {
			isa = XCConfigurationList;
			buildConfigurations = (
				800000000000000000000001 /* Debug */,
				800000000000000000000002 /* Release */,
			);
			defaultConfigurationIsVisible = 0;
			defaultConfigurationName = Release;
		};
		600000000000000000000002 /* Build configuration list for PBXNativeTarget "Swihomo" */ = {
			isa = XCConfigurationList;
			buildConfigurations = (
				800000000000000000000003 /* Debug */,
				800000000000000000000004 /* Release */,
			);
			defaultConfigurationIsVisible = 0;
			defaultConfigurationName = Release;
		};
		600000000000000000000003 /* Build configuration list for PBXNativeTarget "PacketTunnel" */ = {
			isa = XCConfigurationList;
			buildConfigurations = (
				800000000000000000000005 /* Debug */,
				800000000000000000000006 /* Release */,
			);
			defaultConfigurationIsVisible = 0;
			defaultConfigurationName = Release;
		};
/* End XCConfigurationList section */
	};
	rootObject = 500000000000000000000003 /* Project object */;
}
