{
  "originHash" : "3dd525bec189b12cc796f6a6853e64696a548f18d7742e1e05af705f9bc92e58",
  "pins" : [
    {
      "identity" : "codeeditorview",
      "kind" : "remoteSourceControl",
      "location" : "https://github.com/mchakravarty/CodeEditorView.git",
      "state" : {
        "revision" : "aba6c189bb2f6fd9d7b8e9f5739aeb3c8c7e3254",
        "version" : "0.15.4"
      }
    },
    {
      "identity" : "rearrange",
      "kind" : "remoteSourceControl",
      "location" : "https://github.com/ChimeHQ/Rearrange.git",
      "state" : {
        "revision" : "5ff7f3363f7a08f77e0d761e38e6add31c2136e1",
        "version" : "1.8.1"
      }
    },
    {
      "identity" : "yams",
      "kind" : "remoteSourceControl",
      "location" : "https://github.com/jpsim/Yams.git",
      "state" : {
        "revision" : "3d6871d5b4a5cd519adf233fbb576e0a2af71c17",
        "version" : "5.4.0"
      }
    }
  ],
  "version" : 3
}
